schema: '2.0'
stages:
  data_ingestion:
    cmd: python src/data_ingestion.py
    deps:
    - path: src/data_ingestion.py
      hash: md5
      md5: 7a35808b5e7be9f93d246852d7d16056
      size: 3642
    params:
      params.yaml:
        data_ingestion.test_size: 0.2
    outs:
    - path: data/raw
      hash: md5
      md5: 1a287d34dc172d9f950c03dae35f7e73.dir
      size: 484846
      nfiles: 2
  data_preprocessing:
    cmd: python src/data_preprocessing.py
    deps:
    - path: data/raw
      hash: md5
      md5: 1a287d34dc172d9f950c03dae35f7e73.dir
      size: 484846
      nfiles: 2
    - path: src/data_preprocessing.py
      hash: md5
      md5: f2a5db0293ead1e75f079f0fda0a7306
      size: 5415
    outs:
    - path: data/interim
      hash: md5
      md5: 4713043107f56f5b27361576afc99a57.dir
      size: 442270
      nfiles: 2
  feature_engineering:
    cmd: python src/feature_engineering.py
    deps:
    - path: data/interim
      hash: md5
      md5: 4713043107f56f5b27361576afc99a57.dir
      size: 442270
      nfiles: 2
    - path: src/feature_engineering.py
      hash: md5
      md5: cf8448c21ab5f64a81b288de0c331814
      size: 3910
    params:
      params.yaml:
        feature_engineering.max_features: 35
    outs:
    - path: data/processed
      hash: md5
      md5: be31f6fe56012116770e112e7e5cd82a.dir
      size: 1021139
      nfiles: 2
  model_building:
    cmd: python src/model_building.py
    deps:
    - path: data/processed
      hash: md5
      md5: be31f6fe56012116770e112e7e5cd82a.dir
      size: 1021139
      nfiles: 2
    - path: src/model_building.py
      hash: md5
      md5: b8211d4fca24abd0f09602108ec58924
      size: 4423
    params:
      params.yaml:
        model_building.n_estimators: 25
        model_building.random_state: 2
    outs:
    - path: models/model.pkl
      hash: md5
      md5: 367a33852146332f9fd77f6089ad19db
      size: 1429687
  model_evaluation:
    cmd: python src/model_evaluation.py
    deps:
    - path: models/model.pkl
      hash: md5
      md5: 367a33852146332f9fd77f6089ad19db
      size: 1429687
    - path: src/model_evaluation.py
      hash: md5
      md5: f812174a01a8111cbeca073f2e1ca36d
      size: 4655
    outs:
    - path: reports/metrics.json
      hash: md5
      md5: 36a67848ecacc65e7b4fdaad7ffaf531
      size: 145
